// !$*UTF8*$!
{
	archiveVersion = 1;
	classes = {
	};
	objectVersion = 50;
	objects = {

/* Begin PBXBuildFile section */
		72E118662436002F00C16BEB /* AppDelegate.swift in Sources */ = {isa = PBXBuildFile; fileRef = 72E118652436002F00C16BEB /* AppDelegate.swift */; };
		72E118682436002F00C16BEB /* SceneDelegate.swift in Sources */ = {isa = PBXBuildFile; fileRef = 72E118672436002F00C16BEB /* SceneDelegate.swift */; };
		72E1186A2436002F00C16BEB /* ViewController.swift in Sources */ = {isa = PBXBuildFile; fileRef = 72E118692436002F00C16BEB /* ViewController.swift */; };
		72E1186D2436002F00C16BEB /* Main.storyboard in Resources */ = {isa = PBXBuildFile; fileRef = 72E1186B2436002F00C16BEB /* Main.storyboard */; };
		72E1186F2436003100C16BEB /* Assets.xcassets in Resources */ = {isa = PBXBuildFile; fileRef = 72E1186E2436003100C16BEB /* Assets.xcassets */; };
		72E118722436003100C16BEB /* LaunchScreen.storyboard in Resources */ = {isa = PBXBuildFile; fileRef = 72E118702436003100C16BEB /* LaunchScreen.storyboard */; };
		72E1187D2436003100C16BEB /* LoginFormTests.swift in Sources */ = {isa = PBXBuildFile; fileRef = 72E1187C2436003100C16BEB /* LoginFormTests.swift */; };
		72E118882436003100C16BEB /* LoginFormUITests.swift in Sources */ = {isa = PBXBuildFile; fileRef = 72E118872436003100C16BEB /* LoginFormUITests.swift */; };
/* End PBXBuildFile section */

/* Begin PBXContainerItemProxy section */
		72E118792436003100C16BEB /* PBXContainerItemProxy */ = {
			isa = PBXContainerItemProxy;
			containerPortal = 72E1185A2436002F00C16BEB /* Project object */;
			proxyType = 1;
			remoteGlobalIDString = 72E118612436002F00C16BEB;
			remoteInfo = LoginForm;
		};
		72E118842436003100C16BEB /* PBXContainerItemProxy */ = {
			isa = PBXContainerItemProxy;
			containerPortal = 72E1185A2436002F00C16BEB /* Project object */;
			proxyType = 1;
			remoteGlobalIDString = 72E118612436002F00C16BEB;
			remoteInfo = LoginForm;
		};
/* End PBXContainerItemProxy section */

/* Begin PBXFileReference section */
		72E118622436002F00C16BEB /* LoginForm.app */ = {isa = PBXFileReference; explicitFileType = wrapper.application; includeInIndex = 0; path = LoginForm.app; sourceTree = BUILT_PRODUCTS_DIR; };
		72E118652436002F00C16BEB /* AppDelegate.swift */ = {isa = PBXFileReference; lastKnownFileType = sourcecode.swift; path = AppDelegate.swift; sourceTree = "<group>"; };
		72E118672436002F00C16BEB /* SceneDelegate.swift */ = {isa = PBXFileReference; lastKnownFileType = sourcecode.swift; path = SceneDelegate.swift; sourceTree = "<group>"; };
		72E118692436002F00C16BEB /* ViewController.swift */ = {isa = PBXFileReference; lastKnownFileType = sourcecode.swift; path = ViewController.swift; sourceTree = "<group>"; };
		72E1186C2436002F00C16BEB /* Base */ = {isa = PBXFileReference; lastKnownFileType = file.storyboard; name = Base; path = Base.lproj/Main.storyboard; sourceTree = "<group>"; };
		72E1186E2436003100C16BEB /* Assets.xcassets */ = {isa = PBXFileReference; lastKnownFileType = folder.assetcatalog; path = Assets.xcassets; sourceTree = "<group>"; };
		72E118712436003100C16BEB /* Base */ = {isa = PBXFileReference; lastKnownFileType = file.storyboard; name = Base; path = Base.lproj/LaunchScreen.storyboard; sourceTree = "<group>"; };
		72E118732436003100C16BEB /* Info.plist */ = {isa = PBXFileReference; lastKnownFileType = text.plist.xml; path = Info.plist; sourceTree = "<group>"; };
		72E118782436003100C16BEB /* LoginFormTests.xctest */ = {isa = PBXFileReference; explicitFileType = wrapper.cfbundle; includeInIndex = 0; path = LoginFormTests.xctest; sourceTree = BUILT_PRODUCTS_DIR; };
		72E1187C2436003100C16BEB /* LoginFormTests.swift */ = {isa = PBXFileReference; lastKnownFileType = sourcecode.swift; path = LoginFormTests.swift; sourceTree = "<group>"; };
		72E1187E2436003100C16BEB /* Info.plist */ = {isa = PBXFileReference; lastKnownFileType = text.plist.xml; path = Info.plist; sourceTree = "<group>"; };
		72E118832436003100C16BEB /* LoginFormUITests.xctest */ = {isa = PBXFileReference; explicitFileType = wrapper.cfbundle; includeInIndex = 0; path = LoginFormUITests.xctest; sourceTree = BUILT_PRODUCTS_DIR; };
		72E118872436003100C16BEB /* LoginFormUITests.swift */ = {isa = PBXFileReference; lastKnownFileType = sourcecode.swift; path = LoginFormUITests.swift; sourceTree = "<group>"; };
		72E118892436003100C16BEB /* Info.plist */ = {isa = PBXFileReference; lastKnownFileType = text.plist.xml; path = Info.plist; sourceTree = "<group>"; };
/* End PBXFileReference section */

/* Begin PBXFrameworksBuildPhase section */
		72E1185F2436002F00C16BEB /* Frameworks */ = {
			isa = PBXFrameworksBuildPhase;
			buildActionMask = 2147483647;
			files = (
			);
			runOnlyForDeploymentPostprocessing = 0;
		};
		72E118752436003100C16BEB /* Frameworks */ = {
			isa = PBXFrameworksBuildPhase;
			buildActionMask = 2147483647;
			files = (
			);
			runOnlyForDeploymentPostprocessing = 0;
		};
		72E118802436003100C16BEB /* Frameworks */ = {
			isa = PBXFrameworksBuildPhase;
			buildActionMask = 2147483647;
			files = (
			);
			runOnlyForDeploymentPostprocessing = 0;
		};
/* End PBXFrameworksBuildPhase section */

/* Begin PBXGroup section */
		72E118592436002F00C16BEB = {
			isa = PBXGroup;
			children = (
				72E118642436002F00C16BEB /* LoginForm */,
				72E1187B2436003100C16BEB /* LoginFormTests */,
				72E118862436003100C16BEB /* LoginFormUITests */,
				72E118632436002F00C16BEB /* Products */,
			);
			sourceTree = "<group>";
		};
		72E118632436002F00C16BEB /* Products */ = {
			isa = PBXGroup;
			children = (
				72E118622436002F00C16BEB /* LoginForm.app */,
				72E118782436003100C16BEB /* LoginFormTests.xctest */,
				72E118832436003100C16BEB /* LoginFormUITests.xctest */,
			);
			name = Products;
			sourceTree = "<group>";
		};
		72E118642436002F00C16BEB /* LoginForm */ = {
			isa = PBXGroup;
			children = (
				72E118652436002F00C16BEB /* AppDelegate.swift */,
				72E118672436002F00C16BEB /* SceneDelegate.swift */,
				72E118692436002F00C16BEB /* ViewController.swift */,
				72E1186B2436002F00C16BEB /* Main.storyboard */,
				72E1186E2436003100C16BEB /* Assets.xcassets */,
				72E118702436003100C16BEB /* LaunchScreen.storyboard */,
				72E118732436003100C16BEB /* Info.plist */,
			);
			path = LoginForm;
			sourceTree = "<group>";
		};
		72E1187B2436003100C16BEB /* LoginFormTests */ = {
			isa = PBXGroup;
			children = (
				72E1187C2436003100C16BEB /* LoginFormTests.swift */,
				72E1187E2436003100C16BEB /* Info.plist */,
			);
			path = LoginFormTests;
			sourceTree = "<group>";
		};
		72E118862436003100C16BEB /* LoginFormUITests */ = {
			isa = PBXGroup;
			children = (
				72E118872436003100C16BEB /* LoginFormUITests.swift */,
				72E118892436003100C16BEB /* Info.plist */,
			);
			path = LoginFormUITests;
			sourceTree = "<group>";
		};
/* End PBXGroup section */

/* Begin PBXNativeTarget section */
		72E118612436002F00C16BEB /* LoginForm */ = {
			isa = PBXNativeTarget;
			buildConfigurationList = 72E1188C2436003100C16BEB /* Build configuration list for PBXNativeTarget "LoginForm" */;
			buildPhases = (
				72E1185E2436002F00C16BEB /* Sources */,
				72E1185F2436002F00C16BEB /* Frameworks */,
				72E118602436002F00C16BEB /* Resources */,
			);
			buildRules = (
			);
			dependencies = (
			);
			name = LoginForm;
			productName = LoginForm;
			productReference = 72E118622436002F00C16BEB /* LoginForm.app */;
			productType = "com.apple.product-type.application";
		};
		72E118772436003100C16BEB /* LoginFormTests */ = {
			isa = PBXNativeTarget;
			buildConfigurationList = 72E1188F2436003100C16BEB /* Build configuration list for PBXNativeTarget "LoginFormTests" */;
			buildPhases = (
				72E118742436003100C16BEB /* Sources */,
				72E118752436003100C16BEB /* Frameworks */,
				72E118762436003100C16BEB /* Resources */,
			);
			buildRules = (
			);
			dependencies = (
				72E1187A2436003100C16BEB /* PBXTargetDependency */,
			);
			name = LoginFormTests;
			productName = LoginFormTests;
			productReference = 72E118782436003100C16BEB /* LoginFormTests.xctest */;
			productType = "com.apple.product-type.bundle.unit-test";
		};
		72E118822436003100C16BEB /* LoginFormUITests */ = {
			isa = PBXNativeTarget;
			buildConfigurationList = 72E118922436003100C16BEB /* Build configuration list for PBXNativeTarget "LoginFormUITests" */;
			buildPhases = (
				72E1187F2436003100C16BEB /* Sources */,
				72E118802436003100C16BEB /* Frameworks */,
				72E118812436003100C16BEB /* Resources */,
			);
			buildRules = (
			);
			dependencies = (
				72E118852436003100C16BEB /* PBXTargetDependency */,
			);
			name = LoginFormUITests;
			productName = LoginFormUITests;
			productReference = 72E118832436003100C16BEB /* LoginFormUITests.xctest */;
			productType = "com.apple.product-type.bundle.ui-testing";
		};
/* End PBXNativeTarget section */

/* Begin PBXProject section */
		72E1185A2436002F00C16BEB /* Project object */ = {
			isa = PBXProject;
			attributes = {
				LastSwiftUpdateCheck = 1140;
				LastUpgradeCheck = 1140;
				ORGANIZATIONNAME = "Никита Гундорин";
				TargetAttributes = {
					72E118612436002F00C16BEB = {
						CreatedOnToolsVersion = 11.4;
					};
					72E118772436003100C16BEB = {
						CreatedOnToolsVersion = 11.4;
						TestTargetID = 72E118612436002F00C16BEB;
					};
					72E118822436003100C16BEB = {
						CreatedOnToolsVersion = 11.4;
						TestTargetID = 72E118612436002F00C16BEB;
					};
				};
			};
			buildConfigurationList = 72E1185D2436002F00C16BEB /* Build configuration list for PBXProject "LoginForm" */;
			compatibilityVersion = "Xcode 9.3";
			developmentRegion = en;
			hasScannedForEncodings = 0;
			knownRegions = (
				en,
				Base,
			);
			mainGroup = 72E118592436002F00C16BEB;
			productRefGroup = 72E118632436002F00C16BEB /* Products */;
			projectDirPath = "";
			projectRoot = "";
			targets = (
				72E118612436002F00C16BEB /* LoginForm */,
				72E118772436003100C16BEB /* LoginFormTests */,
				72E118822436003100C16BEB /* LoginFormUITests */,
			);
		};
/* End PBXProject section */

/* Begin PBXResourcesBuildPhase section */
		72E118602436002F00C16BEB /* Resources */ = {
			isa = PBXResourcesBuildPhase;
			buildActionMask = 2147483647;
			files = (
				72E118722436003100C16BEB /* LaunchScreen.storyboard in Resources */,
				72E1186F2436003100C16BEB /* Assets.xcassets in Resources */,
				72E1186D2436002F00C16BEB /* Main.storyboard in Resources */,
			);
			runOnlyForDeploymentPostprocessing = 0;
		};
		72E118762436003100C16BEB /* Resources */ = {
			isa = PBXResourcesBuildPhase;
			buildActionMask = 2147483647;
			files = (
			);
			runOnlyForDeploymentPostprocessing = 0;
		};
		72E118812436003100C16BEB /* Resources */ = {
			isa = PBXResourcesBuildPhase;
			buildActionMask = 2147483647;
			files = (
			);
			runOnlyForDeploymentPostprocessing = 0;
		};
/* End PBXResourcesBuildPhase section */

/* Begin PBXSourcesBuildPhase section */
		72E1185E2436002F00C16BEB /* Sources */ = {
			isa = PBXSourcesBuildPhase;
			buildActionMask = 2147483647;
			files = (
				72E1186A2436002F00C16BEB /* ViewController.swift in Sources */,
				72E118662436002F00C16BEB /* AppDelegate.swift in Sources */,
				72E118682436002F00C16BEB /* SceneDelegate.swift in Sources */,
			);
			runOnlyForDeploymentPostprocessing = 0;
		};
		72E118742436003100C16BEB /* Sources */ = {
			isa = PBXSourcesBuildPhase;
			buildActionMask = 2147483647;
			files = (
				72E1187D2436003100C16BEB /* LoginFormTests.swift in Sources */,
			);
			runOnlyForDeploymentPostprocessing = 0;
		};
		72E1187F2436003100C16BEB /* Sources */ = {
			isa = PBXSourcesBuildPhase;
			buildActionMask = 2147483647;
			files = (
				72E118882436003100C16BEB /* LoginFormUITests.swift in Sources */,
			);
			runOnlyForDeploymentPostprocessing = 0;
		};
/* End PBXSourcesBuildPhase section */

/* Begin PBXTargetDependency section */
		72E1187A2436003100C16BEB /* PBXTargetDependency */ = {
			isa = PBXTargetDependency;
			target = 72E118612436002F00C16BEB /* LoginForm */;
			targetProxy = 72E118792436003100C16BEB /* PBXContainerItemProxy */;
		};
		72E118852436003100C16BEB /* PBXTargetDependency */ = {
			isa = PBXTargetDependency;
			target = 72E118612436002F00C16BEB /* LoginForm */;
			targetProxy = 72E118842436003100C16BEB /* PBXContainerItemProxy */;
		};
/* End PBXTargetDependency section */

/* Begin PBXVariantGroup section */
		72E1186B2436002F00C16BEB /* Main.storyboard */ = {
			isa = PBXVariantGroup;
			children = (
				72E1186C2436002F00C16BEB /* Base */,
			);
			name = Main.storyboard;
			sourceTree = "<group>";
		};
		72E118702436003100C16BEB /* LaunchScreen.storyboard */ = {
			isa = PBXVariantGroup;
			children = (
				72E118712436003100C16BEB /* Base */,
			);
			name = LaunchScreen.storyboard;
			sourceTree = "<group>";
		};
/* End PBXVariantGroup section */

/* Begin XCBuildConfiguration section */
		72E1188A2436003100C16BEB /* Debug */ = {
			isa = XCBuildConfiguration;
			buildSettings = {
				ALWAYS_SEARCH_USER_PATHS = NO;
				CLANG_ANALYZER_NONNULL = YES;
				CLANG_ANALYZER_NUMBER_OBJECT_CONVERSION = YES_AGGRESSIVE;
				CLANG_CXX_LANGUAGE_STANDARD = "gnu++14";
				CLANG_CXX_LIBRARY = "libc++";
				CLANG_ENABLE_MODULES = YES;
				CLANG_ENABLE_OBJC_ARC = YES;
				CLANG_ENABLE_OBJC_WEAK = YES;
				CLANG_WARN_BLOCK_CAPTURE_AUTORELEASING = YES;
				CLANG_WARN_BOOL_CONVERSION = YES;
				CLANG_WARN_COMMA = YES;
				CLANG_WARN_CONSTANT_CONVERSION = YES;
				CLANG_WARN_DEPRECATED_OBJC_IMPLEMENTATIONS = YES;
				CLANG_WARN_DIRECT_OBJC_ISA_USAGE = YES_ERROR;
				CLANG_WARN_DOCUMENTATION_COMMENTS = YES;
				CLANG_WARN_EMPTY_BODY = YES;
				CLANG_WARN_ENUM_CONVERSION = YES;
				CLANG_WARN_INFINITE_RECURSION = YES;
				CLANG_WARN_INT_CONVERSION = YES;
				CLANG_WARN_NON_LITERAL_NULL_CONVERSION = YES;
				CLANG_WARN_OBJC_IMPLICIT_RETAIN_SELF = YES;
				CLANG_WARN_OBJC_LITERAL_CONVERSION = YES;
				CLANG_WARN_OBJC_ROOT_CLASS = YES_ERROR;
				CLANG_WARN_RANGE_LOOP_ANALYSIS = YES;
				CLANG_WARN_STRICT_PROTOTYPES = YES;
				CLANG_WARN_SUSPICIOUS_MOVE = YES;
				CLANG_WARN_UNGUARDED_AVAILABILITY = YES_AGGRESSIVE;
				CLANG_WARN_UNREACHABLE_CODE = YES;
				CLANG_WARN__DUPLICATE_METHOD_MATCH = YES;
				COPY_PHASE_STRIP = NO;
				DEBUG_INFORMATION_FORMAT = dwarf;
				ENABLE_STRICT_OBJC_MSGSEND = YES;
				ENABLE_TESTABILITY = YES;
				GCC_C_LANGUAGE_STANDARD = gnu11;
				GCC_DYNAMIC_NO_PIC = NO;
				GCC_NO_COMMON_BLOCKS = YES;
				GCC_OPTIMIZATION_LEVEL = 0;
				GCC_PREPROCESSOR_DEFINITIONS = (
					"DEBUG=1",
					"$(inherited)",
				);
				GCC_WARN_64_TO_32_BIT_CONVERSION = YES;
				GCC_WARN_ABOUT_RETURN_TYPE = YES_ERROR;
				GCC_WARN_UNDECLARED_SELECTOR = YES;
				GCC_WARN_UNINITIALIZED_AUTOS = YES_AGGRESSIVE;
				GCC_WARN_UNUSED_FUNCTION = YES;
				GCC_WARN_UNUSED_VARIABLE = YES;
				IPHONEOS_DEPLOYMENT_TARGET = 13.4;
				MTL_ENABLE_DEBUG_INFO = INCLUDE_SOURCE;
				MTL_FAST_MATH = YES;
				ONLY_ACTIVE_ARCH = YES;
				SDKROOT = iphoneos;
				SWIFT_ACTIVE_COMPILATION_CONDITIONS = DEBUG;
				SWIFT_OPTIMIZATION_LEVEL = "-Onone";
			};
			name = Debug;
		};
		72E1188B2436003100C16BEB /* Release */ = {
			isa = XCBuildConfiguration;
			buildSettings = {
				ALWAYS_SEARCH_USER_PATHS = NO;
				CLANG_ANALYZER_NONNULL = YES;
				CLANG_ANALYZER_NUMBER_OBJECT_CONVERSION = YES_AGGRESSIVE;
				CLANG_CXX_LANGUAGE_STANDARD = "gnu++14";
				CLANG_CXX_LIBRARY = "libc++";
				CLANG_ENABLE_MODULES = YES;
				CLANG_ENABLE_OBJC_ARC = YES;
				CLANG_ENABLE_OBJC_WEAK = YES;
				CLANG_WARN_BLOCK_CAPTURE_AUTORELEASING = YES;
				CLANG_WARN_BOOL_CONVERSION = YES;
				CLANG_WARN_COMMA = YES;
				CLANG_WARN_CONSTANT_CONVERSION = YES;
				CLANG_WARN_DEPRECATED_OBJC_IMPLEMENTATIONS = YES;
				CLANG_WARN_DIRECT_OBJC_ISA_USAGE = YES_ERROR;
				CLANG_WARN_DOCUMENTATION_COMMENTS = YES;
				CLANG_WARN_EMPTY_BODY = YES;
				CLANG_WARN_ENUM_CONVERSION = YES;
				CLANG_WARN_INFINITE_RECURSION = YES;
				CLANG_WARN_INT_CONVERSION = YES;
				CLANG_WARN_NON_LITERAL_NULL_CONVERSION = YES;
				CLANG_WARN_OBJC_IMPLICIT_RETAIN_SELF = YES;
				CLANG_WARN_OBJC_LITERAL_CONVERSION = YES;
				CLANG_WARN_OBJC_ROOT_CLASS = YES_ERROR;
				CLANG_WARN_RANGE_LOOP_ANALYSIS = YES;
				CLANG_WARN_STRICT_PROTOTYPES = YES;
				CLANG_WARN_SUSPICIOUS_MOVE = YES;
				CLANG_WARN_UNGUARDED_AVAILABILITY = YES_AGGRESSIVE;
				CLANG_WARN_UNREACHABLE_CODE = YES;
				CLANG_WARN__DUPLICATE_METHOD_MATCH = YES;
				COPY_PHASE_STRIP = NO;
				DEBUG_INFORMATION_FORMAT = "dwarf-with-dsym";
				ENABLE_NS_ASSERTIONS = NO;
				ENABLE_STRICT_OBJC_MSGSEND = YES;
				GCC_C_LANGUAGE_STANDARD = gnu11;
				GCC_NO_COMMON_BLOCKS = YES;
				GCC_WARN_64_TO_32_BIT_CONVERSION = YES;
				GCC_WARN_ABOUT_RETURN_TYPE = YES_ERROR;
				GCC_WARN_UNDECLARED_SELECTOR = YES;
				GCC_WARN_UNINITIALIZED_AUTOS = YES_AGGRESSIVE;
				GCC_WARN_UNUSED_FUNCTION = YES;
				GCC_WARN_UNUSED_VARIABLE = YES;
				IPHONEOS_DEPLOYMENT_TARGET = 13.4;
				MTL_ENABLE_DEBUG_INFO = NO;
				MTL_FAST_MATH = YES;
				SDKROOT = iphoneos;
				SWIFT_COMPILATION_MODE = wholemodule;
				SWIFT_OPTIMIZATION_LEVEL = "-O";
				VALIDATE_PRODUCT = YES;
			};
			name = Release;
		};
		72E1188D2436003100C16BEB /* Debug */ = {
			isa = XCBuildConfiguration;
			buildSettings = {
				ASSETCATALOG_COMPILER_APPICON_NAME = AppIcon;
				CODE_SIGN_STYLE = Automatic;
				DEVELOPMENT_TEAM = T6696YN386;
				INFOPLIST_FILE = LoginForm/Info.plist;
				LD_RUNPATH_SEARCH_PATHS = (
					"$(inherited)",
					"@executable_path/Frameworks",
				);
				PRODUCT_BUNDLE_IDENTIFIER = nikitagundorin.LoginForm;
				PRODUCT_NAME = "$(TARGET_NAME)";
				SWIFT_VERSION = 5.0;
				TARGETED_DEVICE_FAMILY = "1,2";
			};
			name = Debug;
		};
		72E1188E2436003100C16BEB /* Release */ = {
			isa = XCBuildConfiguration;
			buildSettings = {
				ASSETCATALOG_COMPILER_APPICON_NAME = AppIcon;
				CODE_SIGN_STYLE = Automatic;
				DEVELOPMENT_TEAM = T6696YN386;
				INFOPLIST_FILE = LoginForm/Info.plist;
				LD_RUNPATH_SEARCH_PATHS = (
					"$(inherited)",
					"@executable_path/Frameworks",
				);
				PRODUCT_BUNDLE_IDENTIFIER = nikitagundorin.LoginForm;
				PRODUCT_NAME = "$(TARGET_NAME)";
				SWIFT_VERSION = 5.0;
				TARGETED_DEVICE_FAMILY = "1,2";
			};
			name = Release;
		};
		72E118902436003100C16BEB /* Debug */ = {
			isa = XCBuildConfiguration;
			buildSettings = {
				ALWAYS_EMBED_SWIFT_STANDARD_LIBRARIES = YES;
				BUNDLE_LOADER = "$(TEST_HOST)";
				CODE_SIGN_STYLE = Automatic;
				DEVELOPMENT_TEAM = T6696YN386;
				INFOPLIST_FILE = LoginFormTests/Info.plist;
				IPHONEOS_DEPLOYMENT_TARGET = 13.4;
				LD_RUNPATH_SEARCH_PATHS = (
					"$(inherited)",
					"@executable_path/Frameworks",
					"@loader_path/Frameworks",
				);
				PRODUCT_BUNDLE_IDENTIFIER = nikitagundorin.LoginFormTests;
				PRODUCT_NAME = "$(TARGET_NAME)";
				SWIFT_VERSION = 5.0;
				TARGETED_DEVICE_FAMILY = "1,2";
				TEST_HOST = "$(BUILT_PRODUCTS_DIR)/LoginForm.app/LoginForm";
			};
			name = Debug;
		};
		72E118912436003100C16BEB /* Release */ = {
			isa = XCBuildConfiguration;
			buildSettings = {
				ALWAYS_EMBED_SWIFT_STANDARD_LIBRARIES = YES;
				BUNDLE_LOADER = "$(TEST_HOST)";
				CODE_SIGN_STYLE = Automatic;
				DEVELOPMENT_TEAM = T6696YN386;
				INFOPLIST_FILE = LoginFormTests/Info.plist;
				IPHONEOS_DEPLOYMENT_TARGET = 13.4;
				LD_RUNPATH_SEARCH_PATHS = (
					"$(inherited)",
					"@executable_path/Frameworks",
					"@loader_path/Frameworks",
				);
				PRODUCT_BUNDLE_IDENTIFIER = nikitagundorin.LoginFormTests;
				PRODUCT_NAME = "$(TARGET_NAME)";
				SWIFT_VERSION = 5.0;
				TARGETED_DEVICE_FAMILY = "1,2";
				TEST_HOST = "$(BUILT_PRODUCTS_DIR)/LoginForm.app/LoginForm";
			};
			name = Release;
		};
		72E118932436003100C16BEB /* Debug */ = {
			isa = XCBuildConfiguration;
			buildSettings = {
				ALWAYS_EMBED_SWIFT_STANDARD_LIBRARIES = YES;
				CODE_SIGN_STYLE = Automatic;
				DEVELOPMENT_TEAM = T6696YN386;
				INFOPLIST_FILE = LoginFormUITests/Info.plist;
				LD_RUNPATH_SEARCH_PATHS = (
					"$(inherited)",
					"@executable_path/Frameworks",
					"@loader_path/Frameworks",
				);
				PRODUCT_BUNDLE_IDENTIFIER = nikitagundorin.LoginFormUITests;
				PRODUCT_NAME = "$(TARGET_NAME)";
				SWIFT_VERSION = 5.0;
				TARGETED_DEVICE_FAMILY = "1,2";
				TEST_TARGET_NAME = LoginForm;
			};
			name = Debug;
		};
		72E118942436003100C16BEB /* Release */ = {
			isa = XCBuildConfiguration;
			buildSettings = {
				ALWAYS_EMBED_SWIFT_STANDARD_LIBRARIES = YES;
				CODE_SIGN_STYLE = Automatic;
				DEVELOPMENT_TEAM = T6696YN386;
				INFOPLIST_FILE = LoginFormUITests/Info.plist;
				LD_RUNPATH_SEARCH_PATHS = (
					"$(inherited)",
					"@executable_path/Frameworks",
					"@loader_path/Frameworks",
				);
				PRODUCT_BUNDLE_IDENTIFIER = nikitagundorin.LoginFormUITests;
				PRODUCT_NAME = "$(TARGET_NAME)";
				SWIFT_VERSION = 5.0;
				TARGETED_DEVICE_FAMILY = "1,2";
				TEST_TARGET_NAME = LoginForm;
			};
			name = Release;
		};
/* End XCBuildConfiguration section */

/* Begin XCConfigurationList section */
		72E1185D2436002F00C16BEB /* Build configuration list for PBXProject "LoginForm" */ = {
			isa = XCConfigurationList;
			buildConfigurations = (
				72E1188A2436003100C16BEB /* Debug */,
				72E1188B2436003100C16BEB /* Release */,
			);
			defaultConfigurationIsVisible = 0;
			defaultConfigurationName = Release;
		};
		72E1188C2436003100C16BEB /* Build configuration list for PBXNativeTarget "LoginForm" */ = {
			isa = XCConfigurationList;
			buildConfigurations = (
				72E1188D2436003100C16BEB /* Debug */,
				72E1188E2436003100C16BEB /* Release */,
			);
			defaultConfigurationIsVisible = 0;
			defaultConfigurationName = Release;
		};
		72E1188F2436003100C16BEB /* Build configuration list for PBXNativeTarget "LoginFormTests" */ = {
			isa = XCConfigurationList;
			buildConfigurations = (
				72E118902436003100C16BEB /* Debug */,
				72E118912436003100C16BEB /* Release */,
			);
			defaultConfigurationIsVisible = 0;
			defaultConfigurationName = Release;
		};
		72E118922436003100C16BEB /* Build configuration list for PBXNativeTarget "LoginFormUITests" */ = {
			isa = XCConfigurationList;
			buildConfigurations = (
				72E118932436003100C16BEB /* Debug */,
				72E118942436003100C16BEB /* Release */,
			);
			defaultConfigurationIsVisible = 0;
			defaultConfigurationName = Release;
		};
/* End XCConfigurationList section */
	};
	rootObject = 72E1185A2436002F00C16BEB /* Project object */;
}
